// !$*UTF8*$!
{
	archiveVersion = 1;
	classes = {
	};
	objectVersion = 42;
	objects = {

/* Begin PBXBuildFile section */
		59C2B9290FF0ED7100B50385 /* Notifications.h in Headers */ = {isa = PBXBuildFile; fileRef = 59C2B9280FF0ED7100B50385 /* Notifications.h */; };
		8D5B49AE048680CD000E48DA /* SIVIC_MRSI_Prefix.pch in Headers */ = {isa = PBXBuildFile; fileRef = 32DBCF630370AF2F00C91783 /* SIVIC_MRSI_Prefix.pch */; };
		8D5B49B0048680CD000E48DA /* InfoPlist.strings in Resources */ = {isa = PBXBuildFile; fileRef = 089C167DFE841241C02AAC07 /* InfoPlist.strings */; };
		920263DD10980254007A8293 /* Foundation.framework in Frameworks */ = {isa = PBXBuildFile; fileRef = 920263DB10980254007A8293 /* Foundation.framework */; };
		920263DE10980254007A8293 /* AppKit.framework in Frameworks */ = {isa = PBXBuildFile; fileRef = 920263DC10980254007A8293 /* AppKit.framework */; };
		920263E41098027E007A8293 /* Cocoa.framework in Frameworks */ = {isa = PBXBuildFile; fileRef = 920263E31098027E007A8293 /* Cocoa.framework */; };
		921B50FE109BA6E500134C22 /* DicomSeries.h in Headers */ = {isa = PBXBuildFile; fileRef = 921B50FB109BA6E500134C22 /* DicomSeries.h */; };
		921B50FF109BA6E500134C22 /* DicomImage.h in Headers */ = {isa = PBXBuildFile; fileRef = 921B50FC109BA6E500134C22 /* DicomImage.h */; };
		921B5100109BA6E500134C22 /* browserController.h in Headers */ = {isa = PBXBuildFile; fileRef = 921B50FD109BA6E500134C22 /* browserController.h */; };
		921B5143109BAF0700134C22 /* sivic in Resources */ = {isa = PBXBuildFile; fileRef = 921B5142109BAF0700134C22 /* sivic */; };
		92A2BAF910B3D48A00877E0F /* dicom.dic in Resources */ = {isa = PBXBuildFile; fileRef = 92A2BAF810B3D48A00877E0F /* dicom.dic */; };
		92A2BD2A109AAA8200A29D8F /* sivic.sh in Resources */ = {isa = PBXBuildFile; fileRef = 92A2BD29109AAA8200A29D8F /* sivic.sh */; };
		ABA48A650680BB600089EB4F /* SIVIC_MRSIFilter.h in Headers */ = {isa = PBXBuildFile; fileRef = ABA48A640680BB600089EB4F /* SIVIC_MRSIFilter.h */; };
		ABA48A670680BB690089EB4F /* SIVIC_MRSIFilter.mm in Sources */ = {isa = PBXBuildFile; fileRef = ABA48A660680BB690089EB4F /* SIVIC_MRSIFilter.mm */; };
		ABB76340067FB2A8000912C1 /* DCMPix.h in Headers */ = {isa = PBXBuildFile; fileRef = ABB76339067FB2A8000912C1 /* DCMPix.h */; };
		ABB76341067FB2A8000912C1 /* DCMView.h in Headers */ = {isa = PBXBuildFile; fileRef = ABB7633A067FB2A8000912C1 /* DCMView.h */; };
		ABB76342067FB2A8000912C1 /* dicomFile.h in Headers */ = {isa = PBXBuildFile; fileRef = ABB7633B067FB2A8000912C1 /* dicomFile.h */; };
		ABB76343067FB2A8000912C1 /* MyPoint.h in Headers */ = {isa = PBXBuildFile; fileRef = ABB7633C067FB2A8000912C1 /* MyPoint.h */; };
		ABB76344067FB2A8000912C1 /* PluginFilter.h in Headers */ = {isa = PBXBuildFile; fileRef = ABB7633D067FB2A8000912C1 /* PluginFilter.h */; };
		ABB76345067FB2A8000912C1 /* ROI.h in Headers */ = {isa = PBXBuildFile; fileRef = ABB7633E067FB2A8000912C1 /* ROI.h */; };
		ABB76346067FB2A8000912C1 /* ViewerController.h in Headers */ = {isa = PBXBuildFile; fileRef = ABB7633F067FB2A8000912C1 /* ViewerController.h */; };
/* End PBXBuildFile section */

/* Begin PBXCopyFilesBuildPhase section */
		92A2BE04109ABB4C00A29D8F /* CopyFiles */ = {
			isa = PBXCopyFilesBuildPhase;
			buildActionMask = 12;
			dstPath = "";
			dstSubfolderSpec = 10;
			files = (
			);
			runOnlyForDeploymentPostprocessing = 0;
		};
/* End PBXCopyFilesBuildPhase section */

/* Begin PBXFileReference section */
		089C167EFE841241C02AAC07 /* English */ = {isa = PBXFileReference; fileEncoding = 10; lastKnownFileType = text.plist.strings; name = English; path = English.lproj/InfoPlist.strings; sourceTree = "<group>"; };
		32DBCF630370AF2F00C91783 /* SIVIC_MRSI_Prefix.pch */ = {isa = PBXFileReference; fileEncoding = 4; lastKnownFileType = sourcecode.c.h; path = SIVIC_MRSI_Prefix.pch; sourceTree = "<group>"; };
		59C2B9280FF0ED7100B50385 /* Notifications.h */ = {isa = PBXFileReference; fileEncoding = 4; lastKnownFileType = sourcecode.c.h; path = Notifications.h; sourceTree = "<group>"; };
		8D5B49B7048680CD000E48DA /* Info.plist */ = {isa = PBXFileReference; fileEncoding = 4; lastKnownFileType = text.plist.xml; path = Info.plist; sourceTree = "<group>"; };
		920263DB10980254007A8293 /* Foundation.framework */ = {isa = PBXFileReference; lastKnownFileType = wrapper.framework; name = Foundation.framework; path = /System/Library/Frameworks/Foundation.framework; sourceTree = "<absolute>"; };
		920263DC10980254007A8293 /* AppKit.framework */ = {isa = PBXFileReference; lastKnownFileType = wrapper.framework; name = AppKit.framework; path = /System/Library/Frameworks/AppKit.framework; sourceTree = "<absolute>"; };
		920263E31098027E007A8293 /* Cocoa.framework */ = {isa = PBXFileReference; lastKnownFileType = wrapper.framework; name = Cocoa.framework; path = /System/Library/Frameworks/Cocoa.framework; sourceTree = "<absolute>"; };
		921B50FB109BA6E500134C22 /* DicomSeries.h */ = {isa = PBXFileReference; fileEncoding = 4; lastKnownFileType = sourcecode.c.h; path = DicomSeries.h; sourceTree = "<group>"; };
		921B50FC109BA6E500134C22 /* DicomImage.h */ = {isa = PBXFileReference; fileEncoding = 4; lastKnownFileType = sourcecode.c.h; path = DicomImage.h; sourceTree = "<group>"; };
		921B50FD109BA6E500134C22 /* browserController.h */ = {isa = PBXFileReference; fileEncoding = 4; lastKnownFileType = sourcecode.c.h; path = browserController.h; sourceTree = "<group>"; };
		921B5142109BAF0700134C22 /* sivic */ = {isa = PBXFileReference; lastKnownFileType = "compiled.mach-o.executable"; name = sivic; path = ../sivic_app/Darwin_i386/sivic; sourceTree = SOURCE_ROOT; };
		92A2BAF810B3D48A00877E0F /* dicom.dic */ = {isa = PBXFileReference; fileEncoding = 4; lastKnownFileType = text; name = dicom.dic; path = /usr/share/dcmtk/dicom.dic; sourceTree = "<absolute>"; };
		92A2BD29109AAA8200A29D8F /* sivic.sh */ = {isa = PBXFileReference; fileEncoding = 4; lastKnownFileType = text.script.sh; path = sivic.sh; sourceTree = "<group>"; };
		AB5D36050680E57E00F4007A /* SIVIC_MRSI.bundle */ = {isa = PBXFileReference; explicitFileType = wrapper.cfbundle; includeInIndex = 0; path = SIVIC_MRSI.bundle; sourceTree = BUILT_PRODUCTS_DIR; };
		ABA48A640680BB600089EB4F /* SIVIC_MRSIFilter.h */ = {isa = PBXFileReference; fileEncoding = 30; lastKnownFileType = sourcecode.c.h; path = SIVIC_MRSIFilter.h; sourceTree = "<group>"; };
		ABA48A660680BB690089EB4F /* SIVIC_MRSIFilter.mm */ = {isa = PBXFileReference; fileEncoding = 30; lastKnownFileType = sourcecode.cpp.objcpp; path = SIVIC_MRSIFilter.mm; sourceTree = "<group>"; };
		ABB76339067FB2A8000912C1 /* DCMPix.h */ = {isa = PBXFileReference; fileEncoding = 30; lastKnownFileType = sourcecode.c.h; path = DCMPix.h; sourceTree = "<group>"; };
		ABB7633A067FB2A8000912C1 /* DCMView.h */ = {isa = PBXFileReference; fileEncoding = 30; lastKnownFileType = sourcecode.c.h; path = DCMView.h; sourceTree = "<group>"; };
		ABB7633B067FB2A8000912C1 /* dicomFile.h */ = {isa = PBXFileReference; fileEncoding = 30; lastKnownFileType = sourcecode.c.h; path = dicomFile.h; sourceTree = "<group>"; };
		ABB7633C067FB2A8000912C1 /* MyPoint.h */ = {isa = PBXFileReference; fileEncoding = 30; lastKnownFileType = sourcecode.c.h; path = MyPoint.h; sourceTree = "<group>"; };
		ABB7633D067FB2A8000912C1 /* PluginFilter.h */ = {isa = PBXFileReference; fileEncoding = 30; lastKnownFileType = sourcecode.c.h; path = PluginFilter.h; sourceTree = "<group>"; };
		ABB7633E067FB2A8000912C1 /* ROI.h */ = {isa = PBXFileReference; fileEncoding = 30; lastKnownFileType = sourcecode.c.h; path = ROI.h; sourceTree = "<group>"; };
		ABB7633F067FB2A8000912C1 /* ViewerController.h */ = {isa = PBXFileReference; fileEncoding = 30; lastKnownFileType = sourcecode.c.h; path = ViewerController.h; sourceTree = "<group>"; };
/* End PBXFileReference section */

/* Begin PBXFrameworksBuildPhase section */
		8D5B49B3048680CD000E48DA /* Frameworks */ = {
			isa = PBXFrameworksBuildPhase;
			buildActionMask = 2147483647;
			files = (
				920263DD10980254007A8293 /* Foundation.framework in Frameworks */,
				920263DE10980254007A8293 /* AppKit.framework in Frameworks */,
				920263E41098027E007A8293 /* Cocoa.framework in Frameworks */,
			);
			runOnlyForDeploymentPostprocessing = 0;
		};
/* End PBXFrameworksBuildPhase section */

/* Begin PBXGroup section */
		089C166AFE841209C02AAC07 /* SIVIC_MRSI */ = {
			isa = PBXGroup;
			children = (
				92A2BAF810B3D48A00877E0F /* dicom.dic */,
				921B5142109BAF0700134C22 /* sivic */,
				08FB77AFFE84173DC02AAC07 /* Classes */,
				32C88E010371C26100C91783 /* Other Sources */,
				089C167CFE841241C02AAC07 /* Resources */,
				089C1671FE841209C02AAC07 /* Frameworks and Libraries */,
				19C28FB8FE9D52D311CA2CBB /* Products */,
			);
			name = SIVIC_MRSI;
			sourceTree = "<group>";
		};
		089C1671FE841209C02AAC07 /* Frameworks and Libraries */ = {
			isa = PBXGroup;
			children = (
				1058C7ACFEA557BF11CA2CBB /* Linked Frameworks */,
				1058C7AEFEA557BF11CA2CBB /* Other Frameworks */,
			);
			name = "Frameworks and Libraries";
			sourceTree = "<group>";
		};
		089C167CFE841241C02AAC07 /* Resources */ = {
			isa = PBXGroup;
			children = (
				8D5B49B7048680CD000E48DA /* Info.plist */,
				089C167DFE841241C02AAC07 /* InfoPlist.strings */,
			);
			name = Resources;
			sourceTree = "<group>";
		};
		08FB77AFFE84173DC02AAC07 /* Classes */ = {
			isa = PBXGroup;
			children = (
				ABB76338067FB2A8000912C1 /* OsiriX Headers */,
				AB2C26750677B0C400A08910 /* SIVIC_MRSIFilter */,
			);
			name = Classes;
			sourceTree = "<group>";
		};
		1058C7ACFEA557BF11CA2CBB /* Linked Frameworks */ = {
			isa = PBXGroup;
			children = (
				920263E31098027E007A8293 /* Cocoa.framework */,
			);
			name = "Linked Frameworks";
			sourceTree = "<group>";
		};
		1058C7AEFEA557BF11CA2CBB /* Other Frameworks */ = {
			isa = PBXGroup;
			children = (
				920263DB10980254007A8293 /* Foundation.framework */,
				920263DC10980254007A8293 /* AppKit.framework */,
			);
			name = "Other Frameworks";
			sourceTree = "<group>";
		};
		19C28FB8FE9D52D311CA2CBB /* Products */ = {
			isa = PBXGroup;
			children = (
				AB5D36050680E57E00F4007A /* SIVIC_MRSI.bundle */,
			);
			name = Products;
			sourceTree = "<group>";
		};
		32C88E010371C26100C91783 /* Other Sources */ = {
			isa = PBXGroup;
			children = (
				32DBCF630370AF2F00C91783 /* SIVIC_MRSI_Prefix.pch */,
			);
			name = "Other Sources";
			sourceTree = "<group>";
		};
		AB2C26750677B0C400A08910 /* SIVIC_MRSIFilter */ = {
			isa = PBXGroup;
			children = (
				92A2BD29109AAA8200A29D8F /* sivic.sh */,
				ABA48A640680BB600089EB4F /* SIVIC_MRSIFilter.h */,
				ABA48A660680BB690089EB4F /* SIVIC_MRSIFilter.mm */,
			);
			name = SIVIC_MRSIFilter;
			sourceTree = "<group>";
		};
		ABB76338067FB2A8000912C1 /* OsiriX Headers */ = {
			isa = PBXGroup;
			children = (
				921B50FB109BA6E500134C22 /* DicomSeries.h */,
				921B50FC109BA6E500134C22 /* DicomImage.h */,
				921B50FD109BA6E500134C22 /* browserController.h */,
				ABB7633D067FB2A8000912C1 /* PluginFilter.h */,
				59C2B9280FF0ED7100B50385 /* Notifications.h */,
				ABB76339067FB2A8000912C1 /* DCMPix.h */,
				ABB7633A067FB2A8000912C1 /* DCMView.h */,
				ABB7633B067FB2A8000912C1 /* dicomFile.h */,
				ABB7633C067FB2A8000912C1 /* MyPoint.h */,
				ABB7633E067FB2A8000912C1 /* ROI.h */,
				ABB7633F067FB2A8000912C1 /* ViewerController.h */,
			);
			path = "OsiriX Headers";
			sourceTree = "<group>";
		};
/* End PBXGroup section */

/* Begin PBXHeadersBuildPhase section */
		8D5B49AD048680CD000E48DA /* Headers */ = {
			isa = PBXHeadersBuildPhase;
			buildActionMask = 2147483647;
			files = (
				8D5B49AE048680CD000E48DA /* SIVIC_MRSI_Prefix.pch in Headers */,
				ABB76340067FB2A8000912C1 /* DCMPix.h in Headers */,
				ABB76341067FB2A8000912C1 /* DCMView.h in Headers */,
				ABB76342067FB2A8000912C1 /* dicomFile.h in Headers */,
				ABB76343067FB2A8000912C1 /* MyPoint.h in Headers */,
				ABB76344067FB2A8000912C1 /* PluginFilter.h in Headers */,
				ABB76345067FB2A8000912C1 /* ROI.h in Headers */,
				ABB76346067FB2A8000912C1 /* ViewerController.h in Headers */,
				ABA48A650680BB600089EB4F /* SIVIC_MRSIFilter.h in Headers */,
				59C2B9290FF0ED7100B50385 /* Notifications.h in Headers */,
				921B50FE109BA6E500134C22 /* DicomSeries.h in Headers */,
				921B50FF109BA6E500134C22 /* DicomImage.h in Headers */,
				921B5100109BA6E500134C22 /* browserController.h in Headers */,
			);
			runOnlyForDeploymentPostprocessing = 0;
		};
/* End PBXHeadersBuildPhase section */

/* Begin PBXNativeTarget section */
		8D5B49AC048680CD000E48DA /* SIVIC_MRSI */ = {
			isa = PBXNativeTarget;
			buildConfigurationList = CE6A9A9008AC841300D0C1EE /* Build configuration list for PBXNativeTarget "SIVIC_MRSI" */;
			buildPhases = (
				8D5B49AD048680CD000E48DA /* Headers */,
				8D5B49AF048680CD000E48DA /* Resources */,
				8D5B49B1048680CD000E48DA /* Sources */,
				8D5B49B3048680CD000E48DA /* Frameworks */,
				8D5B49B5048680CD000E48DA /* Rez */,
				92A2BE04109ABB4C00A29D8F /* CopyFiles */,
			);
			buildRules = (
			);
			dependencies = (
			);
			name = SIVIC_MRSI;
			productInstallPath = "$(HOME)/Library/Bundles";
			productName = Invert;
			productReference = AB5D36050680E57E00F4007A /* SIVIC_MRSI.bundle */;
			productType = "com.apple.product-type.bundle";
		};
/* End PBXNativeTarget section */

/* Begin PBXProject section */
		089C1669FE841209C02AAC07 /* Project object */ = {
			isa = PBXProject;
			buildConfigurationList = CE6A9A9408AC841300D0C1EE /* Build configuration list for PBXProject "SIVIC_MRSI" */;
			compatibilityVersion = "Xcode 2.4";
			developmentRegion = English;
			hasScannedForEncodings = 1;
			knownRegions = (
				English,
				Japanese,
				French,
				German,
			);
			mainGroup = 089C166AFE841209C02AAC07 /* SIVIC_MRSI */;
			projectDirPath = "";
			projectRoot = "";
			targets = (
				8D5B49AC048680CD000E48DA /* SIVIC_MRSI */,
			);
		};
/* End PBXProject section */

/* Begin PBXResourcesBuildPhase section */
		8D5B49AF048680CD000E48DA /* Resources */ = {
			isa = PBXResourcesBuildPhase;
			buildActionMask = 2147483647;
			files = (
				8D5B49B0048680CD000E48DA /* InfoPlist.strings in Resources */,
				92A2BD2A109AAA8200A29D8F /* sivic.sh in Resources */,
				921B5143109BAF0700134C22 /* sivic in Resources */,
				92A2BAF910B3D48A00877E0F /* dicom.dic in Resources */,
			);
			runOnlyForDeploymentPostprocessing = 0;
		};
/* End PBXResourcesBuildPhase section */

/* Begin PBXRezBuildPhase section */
		8D5B49B5048680CD000E48DA /* Rez */ = {
			isa = PBXRezBuildPhase;
			buildActionMask = 2147483647;
			files = (
			);
			runOnlyForDeploymentPostprocessing = 0;
		};
/* End PBXRezBuildPhase section */

/* Begin PBXSourcesBuildPhase section */
		8D5B49B1048680CD000E48DA /* Sources */ = {
			isa = PBXSourcesBuildPhase;
			buildActionMask = 2147483647;
			files = (
				ABA48A670680BB690089EB4F /* SIVIC_MRSIFilter.mm in Sources */,
			);
			runOnlyForDeploymentPostprocessing = 0;
		};
/* End PBXSourcesBuildPhase section */

/* Begin PBXVariantGroup section */
		089C167DFE841241C02AAC07 /* InfoPlist.strings */ = {
			isa = PBXVariantGroup;
			children = (
				089C167EFE841241C02AAC07 /* English */,
			);
			name = InfoPlist.strings;
			sourceTree = "<group>";
		};
/* End PBXVariantGroup section */

/* Begin XCBuildConfiguration section */
		CE6A9A9108AC841300D0C1EE /* Development */ = {
			isa = XCBuildConfiguration;
			buildSettings = {
				ARCHS = "$(ARCHS_STANDARD_32_64_BIT_PRE_XCODE_3_1)";
				ARCHS_STANDARD_32_64_BIT_PRE_XCODE_3_1 = "ppc i386 ppc64 x86_64";
				COPY_PHASE_STRIP = NO;
				DEBUGGING_SYMBOLS = YES;
				FRAMEWORK_SEARCH_PATHS = "";
				GCC_DYNAMIC_NO_PIC = NO;
				GCC_ENABLE_FIX_AND_CONTINUE = YES;
				GCC_ENABLE_TRIGRAPHS = NO;
				GCC_GENERATE_DEBUGGING_SYMBOLS = YES;
				GCC_OPTIMIZATION_LEVEL = 0;
				GCC_PRECOMPILE_PREFIX_HEADER = YES;
				GCC_PREFIX_HEADER = SIVIC_MRSI_Prefix.pch;
				GCC_WARN_FOUR_CHARACTER_CONSTANTS = NO;
				GCC_WARN_UNKNOWN_PRAGMAS = NO;
				HEADER_SEARCH_PATHS = (
					/usr/local/include,
					"/usr/local/include/vtk-5.6",
				);
				INFOPLIST_FILE = Info.plist;
				INSTALL_PATH = "@executable_path/../Plug-ins ";
				LD_RUNPATH_SEARCH_PATHS = "$(SRCROOT)";
				LIBRARY_SEARCH_PATHS = (
					/usr/X11R6/lib,
					/Users/jasonc/svn/surbeck/brain/sivic/trunk/libs/Darwin_i386,
					/Users/jasonc/svn/surbeck/brain/sivic/trunk/applications/sivic_app/Darwin_i386,
					"/usr/local/lib/vtk-5.4",
					"/usr/local/lib/KWWidgets/**",
					"$(LIBRARY_SEARCH_PATHS_QUOTED_FOR_TARGET_1)",
					"$(LIBRARY_SEARCH_PATHS_QUOTED_FOR_TARGET_2)",
				);
				LIBRARY_SEARCH_PATHS_QUOTED_FOR_TARGET_1 = "\"$(SRCROOT)\"";
				LIBRARY_SEARCH_PATHS_QUOTED_FOR_TARGET_2 = "\"$(SRCROOT)\"";
				LIBRARY_STYLE = Bundle;
				MACOSX_DEPLOYMENT_TARGET = 10.5;
				ONLY_ACTIVE_ARCH = NO;
				OTHER_CFLAGS = "";
				OTHER_CPLUSPLUSFLAGS = (
					"$(OTHER_CFLAGS)",
					"-DHAVE_CONFIG_H",
					"-fPIC",
				);
				OTHER_LDFLAGS = (
					"-undefined",
					dynamic_lookup,
					"-lSivicKWCallbacksLib",
					"-lsivicGUI",
					"-lsvk",
				);
				OTHER_REZFLAGS = "";
				PRODUCT_NAME = SIVIC_MRSI;
				SDKROOT = macosx;
				SECTORDER_FLAGS = "";
				USER_HEADER_SEARCH_PATHS = "/usr/local/include/KWWidgets /usr/X11R6/include /usr/local/include/vtk-5.4 /Users/jasonc/sivic/trunk/libs/src /Users/jasonc/sivic/trunk/applications/sivic_app/src /usr/local/dicom/include";
				VALID_ARCHS = "i386 x86_64";
				WARNING_CFLAGS = (
					"-Wmost",
					"-Wno-four-char-constants",
					"-Wno-unknown-pragmas",
				);
				WRAPPER_EXTENSION = osirixplugin;
				ZERO_LINK = NO;
			};
			name = Development;
		};
		CE6A9A9208AC841300D0C1EE /* Deployment */ = {
			isa = XCBuildConfiguration;
			buildSettings = {
				ARCHS = "$(ARCHS_STANDARD_32_64_BIT_PRE_XCODE_3_1)";
				ARCHS_STANDARD_32_64_BIT_PRE_XCODE_3_1 = "ppc i386 ppc64 x86_64";
				COPY_PHASE_STRIP = YES;
				FRAMEWORK_SEARCH_PATHS = "";
				GCC_ENABLE_FIX_AND_CONTINUE = NO;
				GCC_ENABLE_TRIGRAPHS = NO;
				GCC_PRECOMPILE_PREFIX_HEADER = YES;
				GCC_PREFIX_HEADER = SIVIC_MRSI_Prefix.pch;
				GCC_WARN_FOUR_CHARACTER_CONSTANTS = NO;
				GCC_WARN_UNKNOWN_PRAGMAS = NO;
				HEADER_SEARCH_PATHS = (
					/usr/local/include,
					"/usr/local/include/vtk-5.6",
				);
				INFOPLIST_FILE = Info.plist;
				LIBRARY_SEARCH_PATHS = (
					"$(inherited)",
					/usr/local/lib/KWWidgets,
					/Users/jasonc/sivic/trunk/applications/sivic_app/Darwin_i386,
					"$(LIBRARY_SEARCH_PATHS_QUOTED_FOR_TARGET_1)",
					"$(LIBRARY_SEARCH_PATHS_QUOTED_FOR_TARGET_2)",
				);
				LIBRARY_SEARCH_PATHS_QUOTED_FOR_TARGET_1 = "\"$(SRCROOT)\"";
				LIBRARY_SEARCH_PATHS_QUOTED_FOR_TARGET_2 = "\"$(SRCROOT)\"";
				LIBRARY_STYLE = Bundle;
				MACOSX_DEPLOYMENT_TARGET = 10.3;
				OTHER_CFLAGS = "";
				OTHER_CPLUSPLUSFLAGS = (
					"$(OTHER_CFLAGS)",
					"-DHAVE_CONFIG_H",
					"-fPIC",
				);
				OTHER_LDFLAGS = (
					"-undefined",
					dynamic_lookup,
				);
				OTHER_REZFLAGS = "";
				PRODUCT_NAME = SIVIC_MRSI;
				SDKROOT = macosx;
				SECTORDER_FLAGS = "";
				USER_HEADER_SEARCH_PATHS = "/usr/X11R6/include /usr/local/include/KWWidgets /usr/local/include/vtk-5.6 /usr/local/dicom/include /Users/jasonc/sivic/trunk/libs/src /Users/jasonc/sivic/trunk/applications/sivic_app/src";
				VALID_ARCHS = "i386 x86_64";
				WARNING_CFLAGS = (
					"-Wmost",
					"-Wno-four-char-constants",
					"-Wno-unknown-pragmas",
				);
				ZERO_LINK = NO;
			};
			name = Deployment;
		};
		CE6A9A9308AC841300D0C1EE /* Default */ = {
			isa = XCBuildConfiguration;
			buildSettings = {
				FRAMEWORK_SEARCH_PATHS = "";
				GCC_ENABLE_TRIGRAPHS = NO;
				GCC_PRECOMPILE_PREFIX_HEADER = YES;
				GCC_PREFIX_HEADER = SIVIC_MRSI_Prefix.pch;
				GCC_WARN_FOUR_CHARACTER_CONSTANTS = NO;
				GCC_WARN_UNKNOWN_PRAGMAS = NO;
				HEADER_SEARCH_PATHS = (
					/usr/local/include,
					"/usr/local/include/vtk-5.6",
				);
				INFOPLIST_FILE = Info.plist;
				LIBRARY_SEARCH_PATHS = (
					"$(inherited)",
					/usr/local/lib/KWWidgets,
					"$(LIBRARY_SEARCH_PATHS_QUOTED_FOR_TARGET_1)",
					"$(LIBRARY_SEARCH_PATHS_QUOTED_FOR_TARGET_2)",
				);
				LIBRARY_SEARCH_PATHS_QUOTED_FOR_TARGET_1 = "\"$(SRCROOT)\"";
				LIBRARY_SEARCH_PATHS_QUOTED_FOR_TARGET_2 = "\"$(SRCROOT)\"";
				LIBRARY_STYLE = Bundle;
				MACOSX_DEPLOYMENT_TARGET = 10.3;
				OTHER_CFLAGS = "";
				OTHER_LDFLAGS = (
					"-undefined",
					dynamic_lookup,
				);
				OTHER_REZFLAGS = "";
				PRODUCT_NAME = SIVIC_MRSI;
				SDKROOT = macosx;
				SECTORDER_FLAGS = "";
				WARNING_CFLAGS = (
					"-Wmost",
					"-Wno-four-char-constants",
					"-Wno-unknown-pragmas",
				);
			};
			name = Default;
		};
		CE6A9A9508AC841300D0C1EE /* Development */ = {
			isa = XCBuildConfiguration;
			buildSettings = {
				ARCHS = (
					i386,
					ppc,
					ppc64,
					x86_64,
				);
				MACOSX_DEPLOYMENT_TARGET = 10.6;
				SDKROOT = /Developer/SDKs/MacOSX10.5.sdk;
			};
			name = Development;
		};
		CE6A9A9608AC841300D0C1EE /* Deployment */ = {
			isa = XCBuildConfiguration;
			buildSettings = {
				ARCHS = (
					ppc,
					i386,
				);
				MACOSX_DEPLOYMENT_TARGET = 10.6;
				SDKROOT = /Developer/SDKs/MacOSX10.5.sdk;
			};
			name = Deployment;
		};
		CE6A9A9708AC841300D0C1EE /* Default */ = {
			isa = XCBuildConfiguration;
			buildSettings = {
				ARCHS = (
					ppc,
					i386,
				);
				MACOSX_DEPLOYMENT_TARGET = 10.6;
				SDKROOT = /Developer/SDKs/MacOSX10.5.sdk;
			};
			name = Default;
		};
/* End XCBuildConfiguration section */

/* Begin XCConfigurationList section */
		CE6A9A9008AC841300D0C1EE /* Build configuration list for PBXNativeTarget "SIVIC_MRSI" */ = {
			isa = XCConfigurationList;
			buildConfigurations = (
				CE6A9A9108AC841300D0C1EE /* Development */,
				CE6A9A9208AC841300D0C1EE /* Deployment */,
				CE6A9A9308AC841300D0C1EE /* Default */,
			);
			defaultConfigurationIsVisible = 0;
			defaultConfigurationName = Deployment;
		};
		CE6A9A9408AC841300D0C1EE /* Build configuration list for PBXProject "SIVIC_MRSI" */ = {
			isa = XCConfigurationList;
			buildConfigurations = (
				CE6A9A9508AC841300D0C1EE /* Development */,
				CE6A9A9608AC841300D0C1EE /* Deployment */,
				CE6A9A9708AC841300D0C1EE /* Default */,
			);
			defaultConfigurationIsVisible = 0;
			defaultConfigurationName = Deployment;
		};
/* End XCConfigurationList section */
	};
	rootObject = 089C1669FE841209C02AAC07 /* Project object */;
}
